
Microsoft Visual Studio Solution File, Format Version 12.00
# Visual Studio 14
VisualStudioVersion = 14.0.24720.0
MinimumVisualStudioVersion = 10.0.40219.1
Project("{8BC9CEB8-8B4A-11D0-8D11-00A0C91BC942}") = "pp4_johnson_algorithm", "pp4_johnson_algorithm\pp4_johnson_algorithm.vcxproj", "{135D1DB3-64A6-4FF5-856E-91CF6BCA6C1A}"
EndProject
Project("{8BC9CEB8-8B4A-11D0-8D11-00A0C91BC942}") = "algorithms", "algorithms\algorithms.vcxproj", "{BB4AD282-F57B-44EE-98D4-F40C53EA4C49}"
EndProject
Project("{8BC9CEB8-8B4A-11D0-8D11-00A0C91BC942}") = "pp4_omp_version", "pp4_omp_version\pp4_omp_version.vcxproj", "{91720D06-0EB2-4DE6-8F77-A0DACB266FF3}"
EndProject
Project("{8BC9CEB8-8B4A-11D0-8D11-00A0C91BC942}") = "pp4_combine_version", "pp4_combine_version\pp4_combine_version.vcxproj", "{E9BDB4E8-1F04-4BC6-83AC-909EA6E62166}"
EndProject
Project("{8BC9CEB8-8B4A-11D0-8D11-00A0C91BC942}") = "pp4_final", "pp4_final\pp4_final.vcxproj", "{410414D0-B33A-4C17-9131-0C8CB88E964A}"
EndProject
Project("{8BC9CEB8-8B4A-11D0-8D11-00A0C91BC942}") = "pp5_tbb_version", "pp5_tbb_version\pp5_tbb_version.vcxproj", "{C0E5D6D6-B239-4350-B22E-783999767FA8}"
EndProject
Global
	GlobalSection(SolutionConfigurationPlatforms) = preSolution
		Debug|x64 = Debug|x64
		Debug|x86 = Debug|x86
		Release|x64 = Release|x64
		Release|x86 = Release|x86
	EndGlobalSection
	GlobalSection(ProjectConfigurationPlatforms) = postSolution
		{135D1DB3-64A6-4FF5-856E-91CF6BCA6C1A}.Debug|x64.ActiveCfg = Debug|x64
		{135D1DB3-64A6-4FF5-856E-91CF6BCA6C1A}.Debug|x64.Build.0 = Debug|x64
		{135D1DB3-64A6-4FF5-856E-91CF6BCA6C1A}.Debug|x86.ActiveCfg = Debug|Win32
		{135D1DB3-64A6-4FF5-856E-91CF6BCA6C1A}.Debug|x86.Build.0 = Debug|Win32
		{135D1DB3-64A6-4FF5-856E-91CF6BCA6C1A}.Release|x64.ActiveCfg = Release|x64
		{135D1DB3-64A6-4FF5-856E-91CF6BCA6C1A}.Release|x64.Build.0 = Release|x64
		{135D1DB3-64A6-4FF5-856E-91CF6BCA6C1A}.Release|x86.ActiveCfg = Release|Win32
		{135D1DB3-64A6-4FF5-856E-91CF6BCA6C1A}.Release|x86.Build.0 = Release|Win32
		{BB4AD282-F57B-44EE-98D4-F40C53EA4C49}.Debug|x64.ActiveCfg = Debug|x64
		{BB4AD282-F57B-44EE-98D4-F40C53EA4C49}.Debug|x64.Build.0 = Debug|x64
		{BB4AD282-F57B-44EE-98D4-F40C53EA4C49}.Debug|x86.ActiveCfg = Debug|Win32
		{BB4AD282-F57B-44EE-98D4-F40C53EA4C49}.Debug|x86.Build.0 = Debug|Win32
		{BB4AD282-F57B-44EE-98D4-F40C53EA4C49}.Release|x64.ActiveCfg = Release|x64
		{BB4AD282-F57B-44EE-98D4-F40C53EA4C49}.Release|x64.Build.0 = Release|x64
		{BB4AD282-F57B-44EE-98D4-F40C53EA4C49}.Release|x86.ActiveCfg = Release|Win32
		{BB4AD282-F57B-44EE-98D4-F40C53EA4C49}.Release|x86.Build.0 = Release|Win32
		{91720D06-0EB2-4DE6-8F77-A0DACB266FF3}.Debug|x64.ActiveCfg = Debug|x64
		{91720D06-0EB2-4DE6-8F77-A0DACB266FF3}.Debug|x64.Build.0 = Debug|x64
		{91720D06-0EB2-4DE6-8F77-A0DACB266FF3}.Debug|x86.ActiveCfg = Debug|Win32
		{91720D06-0EB2-4DE6-8F77-A0DACB266FF3}.Debug|x86.Build.0 = Debug|Win32
		{91720D06-0EB2-4DE6-8F77-A0DACB266FF3}.Release|x64.ActiveCfg = Release|x64
		{91720D06-0EB2-4DE6-8F77-A0DACB266FF3}.Release|x64.Build.0 = Release|x64
		{91720D06-0EB2-4DE6-8F77-A0DACB266FF3}.Release|x86.ActiveCfg = Release|Win32
		{91720D06-0EB2-4DE6-8F77-A0DACB266FF3}.Release|x86.Build.0 = Release|Win32
		{E9BDB4E8-1F04-4BC6-83AC-909EA6E62166}.Debug|x64.ActiveCfg = Debug|x64
		{E9BDB4E8-1F04-4BC6-83AC-909EA6E62166}.Debug|x64.Build.0 = Debug|x64
		{E9BDB4E8-1F04-4BC6-83AC-909EA6E62166}.Debug|x86.ActiveCfg = Debug|Win32
		{E9BDB4E8-1F04-4BC6-83AC-909EA6E62166}.Debug|x86.Build.0 = Debug|Win32
		{E9BDB4E8-1F04-4BC6-83AC-909EA6E62166}.Release|x64.ActiveCfg = Release|x64
		{E9BDB4E8-1F04-4BC6-83AC-909EA6E62166}.Release|x64.Build.0 = Release|x64
		{E9BDB4E8-1F04-4BC6-83AC-909EA6E62166}.Release|x86.ActiveCfg = Release|Win32
		{E9BDB4E8-1F04-4BC6-83AC-909EA6E62166}.Release|x86.Build.0 = Release|Win32
		{410414D0-B33A-4C17-9131-0C8CB88E964A}.Debug|x64.ActiveCfg = Debug|x64
		{410414D0-B33A-4C17-9131-0C8CB88E964A}.Debug|x64.Build.0 = Debug|x64
		{410414D0-B33A-4C17-9131-0C8CB88E964A}.Debug|x86.ActiveCfg = Debug|Win32
		{410414D0-B33A-4C17-9131-0C8CB88E964A}.Debug|x86.Build.0 = Debug|Win32
		{410414D0-B33A-4C17-9131-0C8CB88E964A}.Release|x64.ActiveCfg = Release|x64
		{410414D0-B33A-4C17-9131-0C8CB88E964A}.Release|x64.Build.0 = Release|x64
		{410414D0-B33A-4C17-9131-0C8CB88E964A}.Release|x86.ActiveCfg = Release|Win32
		{410414D0-B33A-4C17-9131-0C8CB88E964A}.Release|x86.Build.0 = Release|Win32
		{C0E5D6D6-B239-4350-B22E-783999767FA8}.Debug|x64.ActiveCfg = Debug|x64
		{C0E5D6D6-B239-4350-B22E-783999767FA8}.Debug|x64.Build.0 = Debug|x64
		{C0E5D6D6-B239-4350-B22E-783999767FA8}.Debug|x86.ActiveCfg = Debug|Win32
		{C0E5D6D6-B239-4350-B22E-783999767FA8}.Debug|x86.Build.0 = Debug|Win32
		{C0E5D6D6-B239-4350-B22E-783999767FA8}.Release|x64.ActiveCfg = Release|x64
		{C0E5D6D6-B239-4350-B22E-783999767FA8}.Release|x64.Build.0 = Release|x64
		{C0E5D6D6-B239-4350-B22E-783999767FA8}.Release|x86.ActiveCfg = Release|Win32
		{C0E5D6D6-B239-4350-B22E-783999767FA8}.Release|x86.Build.0 = Release|Win32
	EndGlobalSection
	GlobalSection(SolutionProperties) = preSolution
		HideSolutionNode = FALSE
	EndGlobalSection
EndGlobal
